Microsoft Visual Studio Solution File, Format Version 11.00
# Visual Studio 2008

Project("{035E724F-8AB0-F7BC-C1F0-E90B2FA2A68D}") = "Vjj", "Assembly-CSharp.csproj", "{91251995-487F-EAB0-668C-F73FF7342FE5}"
EndProject
Global
	GlobalSection(SolutionConfigurationPlatforms) = preSolution
		Debug|Any CPU = Debug|Any CPU
		Release|Any CPU = Release|Any CPU
	EndGlobalSection
	GlobalSection(ProjectConfigurationPlatforms) = postSolution
		{91251995-487F-EAB0-668C-F73FF7342FE5}.Debug|Any CPU.ActiveCfg = Debug|Any CPU
		{91251995-487F-EAB0-668C-F73FF7342FE5}.Debug|Any CPU.Build.0 = Debug|Any CPU
		{91251995-487F-EAB0-668C-F73FF7342FE5}.Release|Any CPU.ActiveCfg = Release|Any CPU
		{91251995-487F-EAB0-668C-F73FF7342FE5}.Release|Any CPU.Build.0 = Release|Any CPU
	EndGlobalSection
	GlobalSection(SolutionProperties) = preSolution
		HideSolutionNode = FALSE
	EndGlobalSection
	GlobalSection(MonoDevelopProperties) = preSolution
		StartupItem = Assembly-CSharp.csproj
	EndGlobalSection
EndGlobal
